
Microsoft Visual Studio Solution File, Format Version 12.00
# Visual Studio Version 17
VisualStudioVersion = 17.6.33829.357
MinimumVisualStudioVersion = 10.0.40219.1
Project("{9A19103F-16F7-4668-BE54-9A1E7A4F7556}") = "Chess", "Chess\Chess.csproj", "{520611DB-FA8B-4283-BECA-3BF1D7406831}"
EndProject
Project("{9A19103F-16F7-4668-BE54-9A1E7A4F7556}") = "DataAccess", "DataAccess\DataAccess.csproj", "{80A79CFC-AEF4-4777-AFF6-0EC1D772BAA9}"
EndProject
Project("{9A19103F-16F7-4668-BE54-9A1E7A4F7556}") = "Models", "Models\Models.csproj", "{D255DCFD-F8DF-4392-ADA6-25033177CF21}"
EndProject
Project("{FAE04EC0-301F-11D3-BF4B-00C04F79EFBC}") = "Utils", "Utils\Utils.csproj", "{12746F32-E206-4C4F-AED8-3EEC673F18B2}"
EndProject
Global
	GlobalSection(SolutionConfigurationPlatforms) = preSolution
		Debug|Any CPU = Debug|Any CPU
		Release|Any CPU = Release|Any CPU
	EndGlobalSection
	GlobalSection(ProjectConfigurationPlatforms) = postSolution
		{520611DB-FA8B-4283-BECA-3BF1D7406831}.Debug|Any CPU.ActiveCfg = Debug|Any CPU
		{520611DB-FA8B-4283-BECA-3BF1D7406831}.Debug|Any CPU.Build.0 = Debug|Any CPU
		{520611DB-FA8B-4283-BECA-3BF1D7406831}.Release|Any CPU.ActiveCfg = Release|Any CPU
		{520611DB-FA8B-4283-BECA-3BF1D7406831}.Release|Any CPU.Build.0 = Release|Any CPU
		{80A79CFC-AEF4-4777-AFF6-0EC1D772BAA9}.Debug|Any CPU.ActiveCfg = Debug|Any CPU
		{80A79CFC-AEF4-4777-AFF6-0EC1D772BAA9}.Debug|Any CPU.Build.0 = Debug|Any CPU
		{80A79CFC-AEF4-4777-AFF6-0EC1D772BAA9}.Release|Any CPU.ActiveCfg = Release|Any CPU
		{80A79CFC-AEF4-4777-AFF6-0EC1D772BAA9}.Release|Any CPU.Build.0 = Release|Any CPU
		{D255DCFD-F8DF-4392-ADA6-25033177CF21}.Debug|Any CPU.ActiveCfg = Debug|Any CPU
		{D255DCFD-F8DF-4392-ADA6-25033177CF21}.Debug|Any CPU.Build.0 = Debug|Any CPU
		{D255DCFD-F8DF-4392-ADA6-25033177CF21}.Release|Any CPU.ActiveCfg = Release|Any CPU
		{D255DCFD-F8DF-4392-ADA6-25033177CF21}.Release|Any CPU.Build.0 = Release|Any CPU
		{12746F32-E206-4C4F-AED8-3EEC673F18B2}.Debug|Any CPU.ActiveCfg = Debug|Any CPU
		{12746F32-E206-4C4F-AED8-3EEC673F18B2}.Debug|Any CPU.Build.0 = Debug|Any CPU
		{12746F32-E206-4C4F-AED8-3EEC673F18B2}.Release|Any CPU.ActiveCfg = Release|Any CPU
		{12746F32-E206-4C4F-AED8-3EEC673F18B2}.Release|Any CPU.Build.0 = Release|Any CPU
	EndGlobalSection
	GlobalSection(SolutionProperties) = preSolution
		HideSolutionNode = FALSE
	EndGlobalSection
	GlobalSection(ExtensibilityGlobals) = postSolution
		SolutionGuid = {3E41EE47-B8F1-433C-A9F5-240B16798A0E}
	EndGlobalSection
EndGlobal
